
Microsoft Visual Studio Solution File, Format Version 12.00
# Visual Studio Version 17
VisualStudioVersion = 17.6.33723.286
MinimumVisualStudioVersion = 10.0.40219.1
Project("{FAE04EC0-301F-11D3-BF4B-00C04F79EFBC}") = "PizzaDelivery", "PizzaDelivery\PizzaDelivery.csproj", "{0E1C52A6-B944-4D07-9D7B-F89D330F60F4}"
EndProject
Global
	GlobalSection(SolutionConfigurationPlatforms) = preSolution
		Debug|Any CPU = Debug|Any CPU
		Release|Any CPU = Release|Any CPU
	EndGlobalSection
	GlobalSection(ProjectConfigurationPlatforms) = postSolution
		{0E1C52A6-B944-4D07-9D7B-F89D330F60F4}.Debug|Any CPU.ActiveCfg = Debug|Any CPU
		{0E1C52A6-B944-4D07-9D7B-F89D330F60F4}.Debug|Any CPU.Build.0 = Debug|Any CPU
		{0E1C52A6-B944-4D07-9D7B-F89D330F60F4}.Release|Any CPU.ActiveCfg = Release|Any CPU
		{0E1C52A6-B944-4D07-9D7B-F89D330F60F4}.Release|Any CPU.Build.0 = Release|Any CPU
	EndGlobalSection
	GlobalSection(SolutionProperties) = preSolution
		HideSolutionNode = FALSE
	EndGlobalSection
	GlobalSection(ExtensibilityGlobals) = postSolution
		SolutionGuid = {37F8E172-E6CB-456D-A38B-5B8A5A36A7A4}
	EndGlobalSection
EndGlobal
